
Microsoft Visual Studio Solution File, Format Version 12.00
# Visual Studio Version 17
VisualStudioVersion = 17.13.35825.156 d17.13
MinimumVisualStudioVersion = 10.0.40219.1
Project("{888888A0-9F3D-457C-B088-3A5042F75D52}") = "BottleWebProject1", "BottleWebProject1\BottleWebProject1.pyproj", "{0B4D6AC2-70BB-4AEF-A386-71BAFC124C6B}"
EndProject
Global
	GlobalSection(SolutionConfigurationPlatforms) = preSolution
		Debug|Any CPU = Debug|Any CPU
		Release|Any CPU = Release|Any CPU
	EndGlobalSection
	GlobalSection(ProjectConfigurationPlatforms) = postSolution
		{0B4D6AC2-70BB-4AEF-A386-71BAFC124C6B}.Debug|Any CPU.ActiveCfg = Debug|Any CPU
		{0B4D6AC2-70BB-4AEF-A386-71BAFC124C6B}.Debug|Any CPU.Build.0 = Debug|Any CPU
		{0B4D6AC2-70BB-4AEF-A386-71BAFC124C6B}.Release|Any CPU.ActiveCfg = Release|Any CPU
		{0B4D6AC2-70BB-4AEF-A386-71BAFC124C6B}.Release|Any CPU.Build.0 = Release|Any CPU
	EndGlobalSection
	GlobalSection(SolutionProperties) = preSolution
		HideSolutionNode = FALSE
	EndGlobalSection
	GlobalSection(ExtensibilityGlobals) = postSolution
		SolutionGuid = {55BE27D1-4C74-443F-9C38-73CDB9021CC6}
	EndGlobalSection
EndGlobal
